
Microsoft Visual Studio Solution File, Format Version 12.00
# Visual Studio Version 17
VisualStudioVersion = 17.8.34330.188
MinimumVisualStudioVersion = 10.0.40219.1
Project("{FAE04EC0-301F-11D3-BF4B-00C04F79EFBC}") = "LinkedListsTests", "LinkedListsTests\LinkedListsTests.csproj", "{6862C0E9-A169-47EC-9FE7-6B98F65CED18}"
EndProject
Global
	GlobalSection(SolutionConfigurationPlatforms) = preSolution
		Debug|Any CPU = Debug|Any CPU
		Release|Any CPU = Release|Any CPU
	EndGlobalSection
	GlobalSection(ProjectConfigurationPlatforms) = postSolution
		{6862C0E9-A169-47EC-9FE7-6B98F65CED18}.Debug|Any CPU.ActiveCfg = Debug|Any CPU
		{6862C0E9-A169-47EC-9FE7-6B98F65CED18}.Debug|Any CPU.Build.0 = Debug|Any CPU
		{6862C0E9-A169-47EC-9FE7-6B98F65CED18}.Release|Any CPU.ActiveCfg = Release|Any CPU
		{6862C0E9-A169-47EC-9FE7-6B98F65CED18}.Release|Any CPU.Build.0 = Release|Any CPU
	EndGlobalSection
	GlobalSection(SolutionProperties) = preSolution
		HideSolutionNode = FALSE
	EndGlobalSection
	GlobalSection(ExtensibilityGlobals) = postSolution
		SolutionGuid = {C3931824-4353-4644-98E4-2495C9C129FE}
	EndGlobalSection
EndGlobal
