
Microsoft Visual Studio Solution File, Format Version 12.00
# Visual Studio Version 17
VisualStudioVersion = 17.13.35919.96 d17.13
MinimumVisualStudioVersion = 10.0.40219.1
Project("{FAE04EC0-301F-11D3-BF4B-00C04F79EFBC}") = "Orai_anyag_2025_09_22", "Orai_anyag_2025_09_22\Orai_anyag_2025_09_22.csproj", "{007C7E9F-FF97-4BB3-95F7-8DAC4086290A}"
EndProject
Global
	GlobalSection(SolutionConfigurationPlatforms) = preSolution
		Debug|Any CPU = Debug|Any CPU
		Release|Any CPU = Release|Any CPU
	EndGlobalSection
	GlobalSection(ProjectConfigurationPlatforms) = postSolution
		{007C7E9F-FF97-4BB3-95F7-8DAC4086290A}.Debug|Any CPU.ActiveCfg = Debug|Any CPU
		{007C7E9F-FF97-4BB3-95F7-8DAC4086290A}.Debug|Any CPU.Build.0 = Debug|Any CPU
		{007C7E9F-FF97-4BB3-95F7-8DAC4086290A}.Release|Any CPU.ActiveCfg = Release|Any CPU
		{007C7E9F-FF97-4BB3-95F7-8DAC4086290A}.Release|Any CPU.Build.0 = Release|Any CPU
	EndGlobalSection
	GlobalSection(SolutionProperties) = preSolution
		HideSolutionNode = FALSE
	EndGlobalSection
	GlobalSection(ExtensibilityGlobals) = postSolution
		SolutionGuid = {732228E8-AB7E-47D1-A2A6-EF9976E9F397}
	EndGlobalSection
EndGlobal
