
Microsoft Visual Studio Solution File, Format Version 12.00
# Visual Studio Version 17
VisualStudioVersion = 17.8.34330.188
MinimumVisualStudioVersion = 10.0.40219.1
Project("{FAE04EC0-301F-11D3-BF4B-00C04F79EFBC}") = "SportClubGUI", "SportClubGUI\SportClubGUI.csproj", "{DD3E22B4-676E-4F18-805C-528AD9BBA819}"
EndProject
Global
	GlobalSection(SolutionConfigurationPlatforms) = preSolution
		Debug|Any CPU = Debug|Any CPU
		Release|Any CPU = Release|Any CPU
	EndGlobalSection
	GlobalSection(ProjectConfigurationPlatforms) = postSolution
		{DD3E22B4-676E-4F18-805C-528AD9BBA819}.Debug|Any CPU.ActiveCfg = Debug|Any CPU
		{DD3E22B4-676E-4F18-805C-528AD9BBA819}.Debug|Any CPU.Build.0 = Debug|Any CPU
		{DD3E22B4-676E-4F18-805C-528AD9BBA819}.Release|Any CPU.ActiveCfg = Release|Any CPU
		{DD3E22B4-676E-4F18-805C-528AD9BBA819}.Release|Any CPU.Build.0 = Release|Any CPU
	EndGlobalSection
	GlobalSection(SolutionProperties) = preSolution
		HideSolutionNode = FALSE
	EndGlobalSection
	GlobalSection(ExtensibilityGlobals) = postSolution
		SolutionGuid = {DEB2F9A8-E4BC-4B5A-B4DE-B2E15065B1E2}
	EndGlobalSection
EndGlobal
