
Microsoft Visual Studio Solution File, Format Version 12.00
# Visual Studio Version 17
VisualStudioVersion = 17.13.35919.96 d17.13
MinimumVisualStudioVersion = 10.0.40219.1
Project("{FAE04EC0-301F-11D3-BF4B-00C04F79EFBC}") = "Orai_anyagok", "Orai_anyagok\Orai_anyagok.csproj", "{1B0BF7F3-0ACF-4CA1-A4AE-A7F9A9F2D37D}"
EndProject
Global
	GlobalSection(SolutionConfigurationPlatforms) = preSolution
		Debug|Any CPU = Debug|Any CPU
		Release|Any CPU = Release|Any CPU
	EndGlobalSection
	GlobalSection(ProjectConfigurationPlatforms) = postSolution
		{1B0BF7F3-0ACF-4CA1-A4AE-A7F9A9F2D37D}.Debug|Any CPU.ActiveCfg = Debug|Any CPU
		{1B0BF7F3-0ACF-4CA1-A4AE-A7F9A9F2D37D}.Debug|Any CPU.Build.0 = Debug|Any CPU
		{1B0BF7F3-0ACF-4CA1-A4AE-A7F9A9F2D37D}.Release|Any CPU.ActiveCfg = Release|Any CPU
		{1B0BF7F3-0ACF-4CA1-A4AE-A7F9A9F2D37D}.Release|Any CPU.Build.0 = Release|Any CPU
	EndGlobalSection
	GlobalSection(SolutionProperties) = preSolution
		HideSolutionNode = FALSE
	EndGlobalSection
	GlobalSection(ExtensibilityGlobals) = postSolution
		SolutionGuid = {D45A7918-9E55-4051-A4AD-C10307F47D33}
	EndGlobalSection
EndGlobal
