
Microsoft Visual Studio Solution File, Format Version 12.00
# Visual Studio Version 17
VisualStudioVersion = 17.13.35919.96 d17.13
MinimumVisualStudioVersion = 10.0.40219.1
Project("{FAE04EC0-301F-11D3-BF4B-00C04F79EFBC}") = "OOP dolgozat gyakorlás", "OOP dolgozat gyakorlás\OOP dolgozat gyakorlás.csproj", "{649A7D93-C477-43A1-8834-69567085F8DA}"
EndProject
Global
	GlobalSection(SolutionConfigurationPlatforms) = preSolution
		Debug|Any CPU = Debug|Any CPU
		Release|Any CPU = Release|Any CPU
	EndGlobalSection
	GlobalSection(ProjectConfigurationPlatforms) = postSolution
		{649A7D93-C477-43A1-8834-69567085F8DA}.Debug|Any CPU.ActiveCfg = Debug|Any CPU
		{649A7D93-C477-43A1-8834-69567085F8DA}.Debug|Any CPU.Build.0 = Debug|Any CPU
		{649A7D93-C477-43A1-8834-69567085F8DA}.Release|Any CPU.ActiveCfg = Release|Any CPU
		{649A7D93-C477-43A1-8834-69567085F8DA}.Release|Any CPU.Build.0 = Release|Any CPU
	EndGlobalSection
	GlobalSection(SolutionProperties) = preSolution
		HideSolutionNode = FALSE
	EndGlobalSection
	GlobalSection(ExtensibilityGlobals) = postSolution
		SolutionGuid = {F123126A-1E7A-4BB5-A991-D80157D93978}
	EndGlobalSection
EndGlobal
