
Microsoft Visual Studio Solution File, Format Version 12.00
# Visual Studio Version 17
VisualStudioVersion = 17.13.35919.96 d17.13
MinimumVisualStudioVersion = 10.0.40219.1
Project("{FAE04EC0-301F-11D3-BF4B-00C04F79EFBC}") = "NetflixMovies", "NetflixMovies\NetflixMovies.csproj", "{FE200F01-1B00-4821-B4BD-98A080D8F9CC}"
EndProject
Global
	GlobalSection(SolutionConfigurationPlatforms) = preSolution
		Debug|Any CPU = Debug|Any CPU
		Release|Any CPU = Release|Any CPU
	EndGlobalSection
	GlobalSection(ProjectConfigurationPlatforms) = postSolution
		{FE200F01-1B00-4821-B4BD-98A080D8F9CC}.Debug|Any CPU.ActiveCfg = Debug|Any CPU
		{FE200F01-1B00-4821-B4BD-98A080D8F9CC}.Debug|Any CPU.Build.0 = Debug|Any CPU
		{FE200F01-1B00-4821-B4BD-98A080D8F9CC}.Release|Any CPU.ActiveCfg = Release|Any CPU
		{FE200F01-1B00-4821-B4BD-98A080D8F9CC}.Release|Any CPU.Build.0 = Release|Any CPU
	EndGlobalSection
	GlobalSection(SolutionProperties) = preSolution
		HideSolutionNode = FALSE
	EndGlobalSection
	GlobalSection(ExtensibilityGlobals) = postSolution
		SolutionGuid = {0969CFF8-C575-45C2-AB67-5AB1565A00FB}
	EndGlobalSection
EndGlobal
